
Microsoft Visual Studio Solution File, Format Version 12.00
# Visual Studio 15
VisualStudioVersion = 15.0.28307.572
MinimumVisualStudioVersion = 10.0.40219.1
Project("{FAE04EC0-301F-11D3-BF4B-00C04F79EFBC}") = "QRCodeScanner-CSharp", "QRCodeScanner-CSharp\QRCodeScanner-CSharp.csproj", "{B8ACD5E0-71A9-4746-9B05-FCC12A0554EE}"
EndProject
Global
	GlobalSection(SolutionConfigurationPlatforms) = preSolution
		Debug|Any CPU = Debug|Any CPU
		Release|Any CPU = Release|Any CPU
	EndGlobalSection
	GlobalSection(ProjectConfigurationPlatforms) = postSolution
		{B8ACD5E0-71A9-4746-9B05-FCC12A0554EE}.Debug|Any CPU.ActiveCfg = Debug|Any CPU
		{B8ACD5E0-71A9-4746-9B05-FCC12A0554EE}.Debug|Any CPU.Build.0 = Debug|Any CPU
		{B8ACD5E0-71A9-4746-9B05-FCC12A0554EE}.Release|Any CPU.ActiveCfg = Release|Any CPU
		{B8ACD5E0-71A9-4746-9B05-FCC12A0554EE}.Release|Any CPU.Build.0 = Release|Any CPU
	EndGlobalSection
	GlobalSection(SolutionProperties) = preSolution
		HideSolutionNode = FALSE
	EndGlobalSection
	GlobalSection(ExtensibilityGlobals) = postSolution
		SolutionGuid = {BE7B4EC8-EBD8-4862-A5EB-27FA5D810543}
	EndGlobalSection
EndGlobal
